
Microsoft Visual Studio Solution File, Format Version 12.00
# Visual Studio 15
VisualStudioVersion = 15.0.26430.6
MinimumVisualStudioVersion = 10.0.40219.1
Project("{FAE04EC0-301F-11D3-BF4B-00C04F79EFBC}") = "NFLTeamsApp.Android", "NFLTeamsApp\NFLTeamsApp.Android\NFLTeamsApp.Android.csproj", "{4B43E6D4-C160-4115-8DF3-A59F205D5C72}"
EndProject
Project("{FAE04EC0-301F-11D3-BF4B-00C04F79EFBC}") = "NFLTeamsApp", "NFLTeamsApp\NFLTeamsApp\NFLTeamsApp.csproj", "{469B13DB-EA09-400D-88AD-1DE100E81722}"
EndProject
Project("{FAE04EC0-301F-11D3-BF4B-00C04F79EFBC}") = "NFLTeamsApp.UWP", "NFLTeamsApp\NFLTeamsApp.UWP\NFLTeamsApp.UWP.csproj", "{BD6A2D36-E84F-492D-A59A-8AB1D786A416}"
EndProject
Project("{FAE04EC0-301F-11D3-BF4B-00C04F79EFBC}") = "NFLTeamsApp.iOS", "NFLTeamsApp\NFLTeamsApp.iOS\NFLTeamsApp.iOS.csproj", "{39AA5452-3867-47C3-866B-6B2119ED775C}"
EndProject
Project("{2150E333-8FDC-42A3-9474-1A3956D46DE8}") = "Documentations", "Documentations", "{579BC262-0C42-4195-8C31-1DC9C5980ECC}"
	ProjectSection(SolutionItems) = preProject
		README.md = README.md
	EndProjectSection
EndProject
Global
	GlobalSection(SolutionConfigurationPlatforms) = preSolution
		Ad-Hoc|Any CPU = Ad-Hoc|Any CPU
		Ad-Hoc|ARM = Ad-Hoc|ARM
		Ad-Hoc|iPhone = Ad-Hoc|iPhone
		Ad-Hoc|iPhoneSimulator = Ad-Hoc|iPhoneSimulator
		Ad-Hoc|x64 = Ad-Hoc|x64
		Ad-Hoc|x86 = Ad-Hoc|x86
		AppStore|Any CPU = AppStore|Any CPU
		AppStore|ARM = AppStore|ARM
		AppStore|iPhone = AppStore|iPhone
		AppStore|iPhoneSimulator = AppStore|iPhoneSimulator
		AppStore|x64 = AppStore|x64
		AppStore|x86 = AppStore|x86
		Debug|Any CPU = Debug|Any CPU
		Debug|ARM = Debug|ARM
		Debug|iPhone = Debug|iPhone
		Debug|iPhoneSimulator = Debug|iPhoneSimulator
		Debug|x64 = Debug|x64
		Debug|x86 = Debug|x86
		Release|Any CPU = Release|Any CPU
		Release|ARM = Release|ARM
		Release|iPhone = Release|iPhone
		Release|iPhoneSimulator = Release|iPhoneSimulator
		Release|x64 = Release|x64
		Release|x86 = Release|x86
	EndGlobalSection
	GlobalSection(ProjectConfigurationPlatforms) = postSolution
		{4B43E6D4-C160-4115-8DF3-A59F205D5C72}.Ad-Hoc|Any CPU.ActiveCfg = Release|Any CPU
		{4B43E6D4-C160-4115-8DF3-A59F205D5C72}.Ad-Hoc|Any CPU.Build.0 = Release|Any CPU
		{4B43E6D4-C160-4115-8DF3-A59F205D5C72}.Ad-Hoc|Any CPU.Deploy.0 = Release|Any CPU
		{4B43E6D4-C160-4115-8DF3-A59F205D5C72}.Ad-Hoc|ARM.ActiveCfg = Release|Any CPU
		{4B43E6D4-C160-4115-8DF3-A59F205D5C72}.Ad-Hoc|ARM.Build.0 = Release|Any CPU
		{4B43E6D4-C160-4115-8DF3-A59F205D5C72}.Ad-Hoc|ARM.Deploy.0 = Release|Any CPU
		{4B43E6D4-C160-4115-8DF3-A59F205D5C72}.Ad-Hoc|iPhone.ActiveCfg = Release|Any CPU
		{4B43E6D4-C160-4115-8DF3-A59F205D5C72}.Ad-Hoc|iPhone.Build.0 = Release|Any CPU
		{4B43E6D4-C160-4115-8DF3-A59F205D5C72}.Ad-Hoc|iPhone.Deploy.0 = Release|Any CPU
		{4B43E6D4-C160-4115-8DF3-A59F205D5C72}.Ad-Hoc|iPhoneSimulator.ActiveCfg = Release|Any CPU
		{4B43E6D4-C160-4115-8DF3-A59F205D5C72}.Ad-Hoc|iPhoneSimulator.Build.0 = Release|Any CPU
		{4B43E6D4-C160-4115-8DF3-A59F205D5C72}.Ad-Hoc|iPhoneSimulator.Deploy.0 = Release|Any CPU
		{4B43E6D4-C160-4115-8DF3-A59F205D5C72}.Ad-Hoc|x64.ActiveCfg = Release|Any CPU
		{4B43E6D4-C160-4115-8DF3-A59F205D5C72}.Ad-Hoc|x64.Build.0 = Release|Any CPU
		{4B43E6D4-C160-4115-8DF3-A59F205D5C72}.Ad-Hoc|x64.Deploy.0 = Release|Any CPU
		{4B43E6D4-C160-4115-8DF3-A59F205D5C72}.Ad-Hoc|x86.ActiveCfg = Release|Any CPU
		{4B43E6D4-C160-4115-8DF3-A59F205D5C72}.Ad-Hoc|x86.Build.0 = Release|Any CPU
		{4B43E6D4-C160-4115-8DF3-A59F205D5C72}.Ad-Hoc|x86.Deploy.0 = Release|Any CPU
		{4B43E6D4-C160-4115-8DF3-A59F205D5C72}.AppStore|Any CPU.ActiveCfg = Release|Any CPU
		{4B43E6D4-C160-4115-8DF3-A59F205D5C72}.AppStore|Any CPU.Build.0 = Release|Any CPU
		{4B43E6D4-C160-4115-8DF3-A59F205D5C72}.AppStore|Any CPU.Deploy.0 = Release|Any CPU
		{4B43E6D4-C160-4115-8DF3-A59F205D5C72}.AppStore|ARM.ActiveCfg = Release|Any CPU
		{4B43E6D4-C160-4115-8DF3-A59F205D5C72}.AppStore|ARM.Build.0 = Release|Any CPU
		{4B43E6D4-C160-4115-8DF3-A59F205D5C72}.AppStore|ARM.Deploy.0 = Release|Any CPU
		{4B43E6D4-C160-4115-8DF3-A59F205D5C72}.AppStore|iPhone.ActiveCfg = Release|Any CPU
		{4B43E6D4-C160-4115-8DF3-A59F205D5C72}.AppStore|iPhone.Build.0 = Release|Any CPU
		{4B43E6D4-C160-4115-8DF3-A59F205D5C72}.AppStore|iPhone.Deploy.0 = Release|Any CPU
		{4B43E6D4-C160-4115-8DF3-A59F205D5C72}.AppStore|iPhoneSimulator.ActiveCfg = Release|Any CPU
		{4B43E6D4-C160-4115-8DF3-A59F205D5C72}.AppStore|iPhoneSimulator.Build.0 = Release|Any CPU
		{4B43E6D4-C160-4115-8DF3-A59F205D5C72}.AppStore|iPhoneSimulator.Deploy.0 = Release|Any CPU
		{4B43E6D4-C160-4115-8DF3-A59F205D5C72}.AppStore|x64.ActiveCfg = Release|Any CPU
		{4B43E6D4-C160-4115-8DF3-A59F205D5C72}.AppStore|x64.Build.0 = Release|Any CPU
		{4B43E6D4-C160-4115-8DF3-A59F205D5C72}.AppStore|x64.Deploy.0 = Release|Any CPU
		{4B43E6D4-C160-4115-8DF3-A59F205D5C72}.AppStore|x86.ActiveCfg = Release|Any CPU
		{4B43E6D4-C160-4115-8DF3-A59F205D5C72}.AppStore|x86.Build.0 = Release|Any CPU
		{4B43E6D4-C160-4115-8DF3-A59F205D5C72}.AppStore|x86.Deploy.0 = Release|Any CPU
		{4B43E6D4-C160-4115-8DF3-A59F205D5C72}.Debug|Any CPU.ActiveCfg = Debug|Any CPU
		{4B43E6D4-C160-4115-8DF3-A59F205D5C72}.Debug|Any CPU.Build.0 = Debug|Any CPU
		{4B43E6D4-C160-4115-8DF3-A59F205D5C72}.Debug|Any CPU.Deploy.0 = Debug|Any CPU
		{4B43E6D4-C160-4115-8DF3-A59F205D5C72}.Debug|ARM.ActiveCfg = Debug|Any CPU
		{4B43E6D4-C160-4115-8DF3-A59F205D5C72}.Debug|ARM.Build.0 = Debug|Any CPU
		{4B43E6D4-C160-4115-8DF3-A59F205D5C72}.Debug|ARM.Deploy.0 = Debug|Any CPU
		{4B43E6D4-C160-4115-8DF3-A59F205D5C72}.Debug|iPhone.ActiveCfg = Debug|Any CPU
		{4B43E6D4-C160-4115-8DF3-A59F205D5C72}.Debug|iPhone.Build.0 = Debug|Any CPU
		{4B43E6D4-C160-4115-8DF3-A59F205D5C72}.Debug|iPhone.Deploy.0 = Debug|Any CPU
		{4B43E6D4-C160-4115-8DF3-A59F205D5C72}.Debug|iPhoneSimulator.ActiveCfg = Debug|Any CPU
		{4B43E6D4-C160-4115-8DF3-A59F205D5C72}.Debug|iPhoneSimulator.Build.0 = Debug|Any CPU
		{4B43E6D4-C160-4115-8DF3-A59F205D5C72}.Debug|iPhoneSimulator.Deploy.0 = Debug|Any CPU
		{4B43E6D4-C160-4115-8DF3-A59F205D5C72}.Debug|x64.ActiveCfg = Debug|Any CPU
		{4B43E6D4-C160-4115-8DF3-A59F205D5C72}.Debug|x64.Build.0 = Debug|Any CPU
		{4B43E6D4-C160-4115-8DF3-A59F205D5C72}.Debug|x64.Deploy.0 = Debug|Any CPU
		{4B43E6D4-C160-4115-8DF3-A59F205D5C72}.Debug|x86.ActiveCfg = Debug|Any CPU
		{4B43E6D4-C160-4115-8DF3-A59F205D5C72}.Debug|x86.Build.0 = Debug|Any CPU
		{4B43E6D4-C160-4115-8DF3-A59F205D5C72}.Debug|x86.Deploy.0 = Debug|Any CPU
		{4B43E6D4-C160-4115-8DF3-A59F205D5C72}.Release|Any CPU.ActiveCfg = Release|Any CPU
		{4B43E6D4-C160-4115-8DF3-A59F205D5C72}.Release|Any CPU.Build.0 = Release|Any CPU
		{4B43E6D4-C160-4115-8DF3-A59F205D5C72}.Release|Any CPU.Deploy.0 = Release|Any CPU
		{4B43E6D4-C160-4115-8DF3-A59F205D5C72}.Release|ARM.ActiveCfg = Release|Any CPU
		{4B43E6D4-C160-4115-8DF3-A59F205D5C72}.Release|ARM.Build.0 = Release|Any CPU
		{4B43E6D4-C160-4115-8DF3-A59F205D5C72}.Release|ARM.Deploy.0 = Release|Any CPU
		{4B43E6D4-C160-4115-8DF3-A59F205D5C72}.Release|iPhone.ActiveCfg = Release|Any CPU
		{4B43E6D4-C160-4115-8DF3-A59F205D5C72}.Release|iPhone.Build.0 = Release|Any CPU
		{4B43E6D4-C160-4115-8DF3-A59F205D5C72}.Release|iPhone.Deploy.0 = Release|Any CPU
		{4B43E6D4-C160-4115-8DF3-A59F205D5C72}.Release|iPhoneSimulator.ActiveCfg = Release|Any CPU
		{4B43E6D4-C160-4115-8DF3-A59F205D5C72}.Release|iPhoneSimulator.Build.0 = Release|Any CPU
		{4B43E6D4-C160-4115-8DF3-A59F205D5C72}.Release|iPhoneSimulator.Deploy.0 = Release|Any CPU
		{4B43E6D4-C160-4115-8DF3-A59F205D5C72}.Release|x64.ActiveCfg = Release|Any CPU
		{4B43E6D4-C160-4115-8DF3-A59F205D5C72}.Release|x64.Build.0 = Release|Any CPU
		{4B43E6D4-C160-4115-8DF3-A59F205D5C72}.Release|x64.Deploy.0 = Release|Any CPU
		{4B43E6D4-C160-4115-8DF3-A59F205D5C72}.Release|x86.ActiveCfg = Release|Any CPU
		{4B43E6D4-C160-4115-8DF3-A59F205D5C72}.Release|x86.Build.0 = Release|Any CPU
		{4B43E6D4-C160-4115-8DF3-A59F205D5C72}.Release|x86.Deploy.0 = Release|Any CPU
		{469B13DB-EA09-400D-88AD-1DE100E81722}.Ad-Hoc|Any CPU.ActiveCfg = Release|Any CPU
		{469B13DB-EA09-400D-88AD-1DE100E81722}.Ad-Hoc|Any CPU.Build.0 = Release|Any CPU
		{469B13DB-EA09-400D-88AD-1DE100E81722}.Ad-Hoc|ARM.ActiveCfg = Release|Any CPU
		{469B13DB-EA09-400D-88AD-1DE100E81722}.Ad-Hoc|ARM.Build.0 = Release|Any CPU
		{469B13DB-EA09-400D-88AD-1DE100E81722}.Ad-Hoc|iPhone.ActiveCfg = Release|Any CPU
		{469B13DB-EA09-400D-88AD-1DE100E81722}.Ad-Hoc|iPhone.Build.0 = Release|Any CPU
		{469B13DB-EA09-400D-88AD-1DE100E81722}.Ad-Hoc|iPhoneSimulator.ActiveCfg = Release|Any CPU
		{469B13DB-EA09-400D-88AD-1DE100E81722}.Ad-Hoc|iPhoneSimulator.Build.0 = Release|Any CPU
		{469B13DB-EA09-400D-88AD-1DE100E81722}.Ad-Hoc|x64.ActiveCfg = Release|Any CPU
		{469B13DB-EA09-400D-88AD-1DE100E81722}.Ad-Hoc|x64.Build.0 = Release|Any CPU
		{469B13DB-EA09-400D-88AD-1DE100E81722}.Ad-Hoc|x86.ActiveCfg = Release|Any CPU
		{469B13DB-EA09-400D-88AD-1DE100E81722}.Ad-Hoc|x86.Build.0 = Release|Any CPU
		{469B13DB-EA09-400D-88AD-1DE100E81722}.AppStore|Any CPU.ActiveCfg = Release|Any CPU
		{469B13DB-EA09-400D-88AD-1DE100E81722}.AppStore|Any CPU.Build.0 = Release|Any CPU
		{469B13DB-EA09-400D-88AD-1DE100E81722}.AppStore|ARM.ActiveCfg = Release|Any CPU
		{469B13DB-EA09-400D-88AD-1DE100E81722}.AppStore|ARM.Build.0 = Release|Any CPU
		{469B13DB-EA09-400D-88AD-1DE100E81722}.AppStore|iPhone.ActiveCfg = Release|Any CPU
		{469B13DB-EA09-400D-88AD-1DE100E81722}.AppStore|iPhone.Build.0 = Release|Any CPU
		{469B13DB-EA09-400D-88AD-1DE100E81722}.AppStore|iPhoneSimulator.ActiveCfg = Release|Any CPU
		{469B13DB-EA09-400D-88AD-1DE100E81722}.AppStore|iPhoneSimulator.Build.0 = Release|Any CPU
		{469B13DB-EA09-400D-88AD-1DE100E81722}.AppStore|x64.ActiveCfg = Release|Any CPU
		{469B13DB-EA09-400D-88AD-1DE100E81722}.AppStore|x64.Build.0 = Release|Any CPU
		{469B13DB-EA09-400D-88AD-1DE100E81722}.AppStore|x86.ActiveCfg = Release|Any CPU
		{469B13DB-EA09-400D-88AD-1DE100E81722}.AppStore|x86.Build.0 = Release|Any CPU
		{469B13DB-EA09-400D-88AD-1DE100E81722}.Debug|Any CPU.ActiveCfg = Debug|Any CPU
		{469B13DB-EA09-400D-88AD-1DE100E81722}.Debug|Any CPU.Build.0 = Debug|Any CPU
		{469B13DB-EA09-400D-88AD-1DE100E81722}.Debug|ARM.ActiveCfg = Debug|Any CPU
		{469B13DB-EA09-400D-88AD-1DE100E81722}.Debug|ARM.Build.0 = Debug|Any CPU
		{469B13DB-EA09-400D-88AD-1DE100E81722}.Debug|iPhone.ActiveCfg = Debug|Any CPU
		{469B13DB-EA09-400D-88AD-1DE100E81722}.Debug|iPhone.Build.0 = Debug|Any CPU
		{469B13DB-EA09-400D-88AD-1DE100E81722}.Debug|iPhoneSimulator.ActiveCfg = Debug|Any CPU
		{469B13DB-EA09-400D-88AD-1DE100E81722}.Debug|iPhoneSimulator.Build.0 = Debug|Any CPU
		{469B13DB-EA09-400D-88AD-1DE100E81722}.Debug|x64.ActiveCfg = Debug|Any CPU
		{469B13DB-EA09-400D-88AD-1DE100E81722}.Debug|x64.Build.0 = Debug|Any CPU
		{469B13DB-EA09-400D-88AD-1DE100E81722}.Debug|x86.ActiveCfg = Debug|Any CPU
		{469B13DB-EA09-400D-88AD-1DE100E81722}.Debug|x86.Build.0 = Debug|Any CPU
		{469B13DB-EA09-400D-88AD-1DE100E81722}.Release|Any CPU.ActiveCfg = Release|Any CPU
		{469B13DB-EA09-400D-88AD-1DE100E81722}.Release|Any CPU.Build.0 = Release|Any CPU
		{469B13DB-EA09-400D-88AD-1DE100E81722}.Release|ARM.ActiveCfg = Release|Any CPU
		{469B13DB-EA09-400D-88AD-1DE100E81722}.Release|ARM.Build.0 = Release|Any CPU
		{469B13DB-EA09-400D-88AD-1DE100E81722}.Release|iPhone.ActiveCfg = Release|Any CPU
		{469B13DB-EA09-400D-88AD-1DE100E81722}.Release|iPhone.Build.0 = Release|Any CPU
		{469B13DB-EA09-400D-88AD-1DE100E81722}.Release|iPhoneSimulator.ActiveCfg = Release|Any CPU
		{469B13DB-EA09-400D-88AD-1DE100E81722}.Release|iPhoneSimulator.Build.0 = Release|Any CPU
		{469B13DB-EA09-400D-88AD-1DE100E81722}.Release|x64.ActiveCfg = Release|Any CPU
		{469B13DB-EA09-400D-88AD-1DE100E81722}.Release|x64.Build.0 = Release|Any CPU
		{469B13DB-EA09-400D-88AD-1DE100E81722}.Release|x86.ActiveCfg = Release|Any CPU
		{469B13DB-EA09-400D-88AD-1DE100E81722}.Release|x86.Build.0 = Release|Any CPU
		{BD6A2D36-E84F-492D-A59A-8AB1D786A416}.Ad-Hoc|Any CPU.ActiveCfg = Release|x86
		{BD6A2D36-E84F-492D-A59A-8AB1D786A416}.Ad-Hoc|Any CPU.Build.0 = Release|x86
		{BD6A2D36-E84F-492D-A59A-8AB1D786A416}.Ad-Hoc|Any CPU.Deploy.0 = Release|x86
		{BD6A2D36-E84F-492D-A59A-8AB1D786A416}.Ad-Hoc|ARM.ActiveCfg = Release|ARM
		{BD6A2D36-E84F-492D-A59A-8AB1D786A416}.Ad-Hoc|ARM.Build.0 = Release|ARM
		{BD6A2D36-E84F-492D-A59A-8AB1D786A416}.Ad-Hoc|ARM.Deploy.0 = Release|ARM
		{BD6A2D36-E84F-492D-A59A-8AB1D786A416}.Ad-Hoc|iPhone.ActiveCfg = Release|x86
		{BD6A2D36-E84F-492D-A59A-8AB1D786A416}.Ad-Hoc|iPhone.Build.0 = Release|x86
		{BD6A2D36-E84F-492D-A59A-8AB1D786A416}.Ad-Hoc|iPhone.Deploy.0 = Release|x86
		{BD6A2D36-E84F-492D-A59A-8AB1D786A416}.Ad-Hoc|iPhoneSimulator.ActiveCfg = Release|x86
		{BD6A2D36-E84F-492D-A59A-8AB1D786A416}.Ad-Hoc|iPhoneSimulator.Build.0 = Release|x86
		{BD6A2D36-E84F-492D-A59A-8AB1D786A416}.Ad-Hoc|iPhoneSimulator.Deploy.0 = Release|x86
		{BD6A2D36-E84F-492D-A59A-8AB1D786A416}.Ad-Hoc|x64.ActiveCfg = Release|x64
		{BD6A2D36-E84F-492D-A59A-8AB1D786A416}.Ad-Hoc|x64.Build.0 = Release|x64
		{BD6A2D36-E84F-492D-A59A-8AB1D786A416}.Ad-Hoc|x64.Deploy.0 = Release|x64
		{BD6A2D36-E84F-492D-A59A-8AB1D786A416}.Ad-Hoc|x86.ActiveCfg = Release|x86
		{BD6A2D36-E84F-492D-A59A-8AB1D786A416}.Ad-Hoc|x86.Build.0 = Release|x86
		{BD6A2D36-E84F-492D-A59A-8AB1D786A416}.Ad-Hoc|x86.Deploy.0 = Release|x86
		{BD6A2D36-E84F-492D-A59A-8AB1D786A416}.AppStore|Any CPU.ActiveCfg = Release|x86
		{BD6A2D36-E84F-492D-A59A-8AB1D786A416}.AppStore|Any CPU.Build.0 = Release|x86
		{BD6A2D36-E84F-492D-A59A-8AB1D786A416}.AppStore|Any CPU.Deploy.0 = Release|x86
		{BD6A2D36-E84F-492D-A59A-8AB1D786A416}.AppStore|ARM.ActiveCfg = Release|ARM
		{BD6A2D36-E84F-492D-A59A-8AB1D786A416}.AppStore|ARM.Build.0 = Release|ARM
		{BD6A2D36-E84F-492D-A59A-8AB1D786A416}.AppStore|ARM.Deploy.0 = Release|ARM
		{BD6A2D36-E84F-492D-A59A-8AB1D786A416}.AppStore|iPhone.ActiveCfg = Release|x86
		{BD6A2D36-E84F-492D-A59A-8AB1D786A416}.AppStore|iPhone.Build.0 = Release|x86
		{BD6A2D36-E84F-492D-A59A-8AB1D786A416}.AppStore|iPhone.Deploy.0 = Release|x86
		{BD6A2D36-E84F-492D-A59A-8AB1D786A416}.AppStore|iPhoneSimulator.ActiveCfg = Release|x86
		{BD6A2D36-E84F-492D-A59A-8AB1D786A416}.AppStore|iPhoneSimulator.Build.0 = Release|x86
		{BD6A2D36-E84F-492D-A59A-8AB1D786A416}.AppStore|iPhoneSimulator.Deploy.0 = Release|x86
		{BD6A2D36-E84F-492D-A59A-8AB1D786A416}.AppStore|x64.ActiveCfg = Release|x64
		{BD6A2D36-E84F-492D-A59A-8AB1D786A416}.AppStore|x64.Build.0 = Release|x64
		{BD6A2D36-E84F-492D-A59A-8AB1D786A416}.AppStore|x64.Deploy.0 = Release|x64
		{BD6A2D36-E84F-492D-A59A-8AB1D786A416}.AppStore|x86.ActiveCfg = Release|x86
		{BD6A2D36-E84F-492D-A59A-8AB1D786A416}.AppStore|x86.Build.0 = Release|x86
		{BD6A2D36-E84F-492D-A59A-8AB1D786A416}.AppStore|x86.Deploy.0 = Release|x86
		{BD6A2D36-E84F-492D-A59A-8AB1D786A416}.Debug|Any CPU.ActiveCfg = Debug|x86
		{BD6A2D36-E84F-492D-A59A-8AB1D786A416}.Debug|ARM.ActiveCfg = Debug|ARM
		{BD6A2D36-E84F-492D-A59A-8AB1D786A416}.Debug|ARM.Build.0 = Debug|ARM
		{BD6A2D36-E84F-492D-A59A-8AB1D786A416}.Debug|ARM.Deploy.0 = Debug|ARM
		{BD6A2D36-E84F-492D-A59A-8AB1D786A416}.Debug|iPhone.ActiveCfg = Debug|x86
		{BD6A2D36-E84F-492D-A59A-8AB1D786A416}.Debug|iPhoneSimulator.ActiveCfg = Debug|x86
		{BD6A2D36-E84F-492D-A59A-8AB1D786A416}.Debug|x64.ActiveCfg = Debug|x64
		{BD6A2D36-E84F-492D-A59A-8AB1D786A416}.Debug|x64.Build.0 = Debug|x64
		{BD6A2D36-E84F-492D-A59A-8AB1D786A416}.Debug|x64.Deploy.0 = Debug|x64
		{BD6A2D36-E84F-492D-A59A-8AB1D786A416}.Debug|x86.ActiveCfg = Debug|x86
		{BD6A2D36-E84F-492D-A59A-8AB1D786A416}.Debug|x86.Build.0 = Debug|x86
		{BD6A2D36-E84F-492D-A59A-8AB1D786A416}.Debug|x86.Deploy.0 = Debug|x86
		{BD6A2D36-E84F-492D-A59A-8AB1D786A416}.Release|Any CPU.ActiveCfg = Release|x86
		{BD6A2D36-E84F-492D-A59A-8AB1D786A416}.Release|ARM.ActiveCfg = Release|ARM
		{BD6A2D36-E84F-492D-A59A-8AB1D786A416}.Release|ARM.Build.0 = Release|ARM
		{BD6A2D36-E84F-492D-A59A-8AB1D786A416}.Release|ARM.Deploy.0 = Release|ARM
		{BD6A2D36-E84F-492D-A59A-8AB1D786A416}.Release|iPhone.ActiveCfg = Release|x86
		{BD6A2D36-E84F-492D-A59A-8AB1D786A416}.Release|iPhoneSimulator.ActiveCfg = Release|x86
		{BD6A2D36-E84F-492D-A59A-8AB1D786A416}.Release|x64.ActiveCfg = Release|x64
		{BD6A2D36-E84F-492D-A59A-8AB1D786A416}.Release|x64.Build.0 = Release|x64
		{BD6A2D36-E84F-492D-A59A-8AB1D786A416}.Release|x64.Deploy.0 = Release|x64
		{BD6A2D36-E84F-492D-A59A-8AB1D786A416}.Release|x86.ActiveCfg = Release|x86
		{BD6A2D36-E84F-492D-A59A-8AB1D786A416}.Release|x86.Build.0 = Release|x86
		{BD6A2D36-E84F-492D-A59A-8AB1D786A416}.Release|x86.Deploy.0 = Release|x86
		{39AA5452-3867-47C3-866B-6B2119ED775C}.Ad-Hoc|Any CPU.ActiveCfg = Ad-Hoc|iPhone
		{39AA5452-3867-47C3-866B-6B2119ED775C}.Ad-Hoc|ARM.ActiveCfg = Ad-Hoc|iPhone
		{39AA5452-3867-47C3-866B-6B2119ED775C}.Ad-Hoc|iPhone.ActiveCfg = Ad-Hoc|iPhone
		{39AA5452-3867-47C3-866B-6B2119ED775C}.Ad-Hoc|iPhone.Build.0 = Ad-Hoc|iPhone
		{39AA5452-3867-47C3-866B-6B2119ED775C}.Ad-Hoc|iPhoneSimulator.ActiveCfg = Ad-Hoc|iPhoneSimulator
		{39AA5452-3867-47C3-866B-6B2119ED775C}.Ad-Hoc|iPhoneSimulator.Build.0 = Ad-Hoc|iPhoneSimulator
		{39AA5452-3867-47C3-866B-6B2119ED775C}.Ad-Hoc|x64.ActiveCfg = Ad-Hoc|iPhone
		{39AA5452-3867-47C3-866B-6B2119ED775C}.Ad-Hoc|x86.ActiveCfg = Ad-Hoc|iPhone
		{39AA5452-3867-47C3-866B-6B2119ED775C}.AppStore|Any CPU.ActiveCfg = AppStore|iPhone
		{39AA5452-3867-47C3-866B-6B2119ED775C}.AppStore|ARM.ActiveCfg = AppStore|iPhone
		{39AA5452-3867-47C3-866B-6B2119ED775C}.AppStore|iPhone.ActiveCfg = AppStore|iPhone
		{39AA5452-3867-47C3-866B-6B2119ED775C}.AppStore|iPhone.Build.0 = AppStore|iPhone
		{39AA5452-3867-47C3-866B-6B2119ED775C}.AppStore|iPhoneSimulator.ActiveCfg = AppStore|iPhoneSimulator
		{39AA5452-3867-47C3-866B-6B2119ED775C}.AppStore|iPhoneSimulator.Build.0 = AppStore|iPhoneSimulator
		{39AA5452-3867-47C3-866B-6B2119ED775C}.AppStore|x64.ActiveCfg = AppStore|iPhone
		{39AA5452-3867-47C3-866B-6B2119ED775C}.AppStore|x86.ActiveCfg = AppStore|iPhone
		{39AA5452-3867-47C3-866B-6B2119ED775C}.Debug|Any CPU.ActiveCfg = Debug|iPhone
		{39AA5452-3867-47C3-866B-6B2119ED775C}.Debug|ARM.ActiveCfg = Debug|iPhone
		{39AA5452-3867-47C3-866B-6B2119ED775C}.Debug|iPhone.ActiveCfg = Debug|iPhone
		{39AA5452-3867-47C3-866B-6B2119ED775C}.Debug|iPhone.Build.0 = Debug|iPhone
		{39AA5452-3867-47C3-866B-6B2119ED775C}.Debug|iPhoneSimulator.ActiveCfg = Debug|iPhoneSimulator
		{39AA5452-3867-47C3-866B-6B2119ED775C}.Debug|iPhoneSimulator.Build.0 = Debug|iPhoneSimulator
		{39AA5452-3867-47C3-866B-6B2119ED775C}.Debug|x64.ActiveCfg = Debug|iPhone
		{39AA5452-3867-47C3-866B-6B2119ED775C}.Debug|x86.ActiveCfg = Debug|iPhone
		{39AA5452-3867-47C3-866B-6B2119ED775C}.Release|Any CPU.ActiveCfg = Release|iPhone
		{39AA5452-3867-47C3-866B-6B2119ED775C}.Release|ARM.ActiveCfg = Release|iPhone
		{39AA5452-3867-47C3-866B-6B2119ED775C}.Release|iPhone.ActiveCfg = Release|iPhone
		{39AA5452-3867-47C3-866B-6B2119ED775C}.Release|iPhone.Build.0 = Release|iPhone
		{39AA5452-3867-47C3-866B-6B2119ED775C}.Release|iPhoneSimulator.ActiveCfg = Release|iPhoneSimulator
		{39AA5452-3867-47C3-866B-6B2119ED775C}.Release|iPhoneSimulator.Build.0 = Release|iPhoneSimulator
		{39AA5452-3867-47C3-866B-6B2119ED775C}.Release|x64.ActiveCfg = Release|iPhone
		{39AA5452-3867-47C3-866B-6B2119ED775C}.Release|x86.ActiveCfg = Release|iPhone
	EndGlobalSection
	GlobalSection(SolutionProperties) = preSolution
		HideSolutionNode = FALSE
	EndGlobalSection
EndGlobal
